
Microsoft Visual Studio Solution File, Format Version 12.00
# Visual Studio 15
VisualStudioVersion = 15.0.26730.16
MinimumVisualStudioVersion = 10.0.40219.1
Project("{FAE04EC0-301F-11D3-BF4B-00C04F79EFBC}") = "DST1", "DST1\DST1.csproj", "{1FB6EF80-2329-47DF-8144-30A6319F3103}"
EndProject
Global
	GlobalSection(SolutionConfigurationPlatforms) = preSolution
		Debug|Any CPU = Debug|Any CPU
		Release|Any CPU = Release|Any CPU
	EndGlobalSection
	GlobalSection(ProjectConfigurationPlatforms) = postSolution
		{1FB6EF80-2329-47DF-8144-30A6319F3103}.Debug|Any CPU.ActiveCfg = Debug|Any CPU
		{1FB6EF80-2329-47DF-8144-30A6319F3103}.Debug|Any CPU.Build.0 = Debug|Any CPU
		{1FB6EF80-2329-47DF-8144-30A6319F3103}.Release|Any CPU.ActiveCfg = Release|Any CPU
		{1FB6EF80-2329-47DF-8144-30A6319F3103}.Release|Any CPU.Build.0 = Release|Any CPU
	EndGlobalSection
	GlobalSection(SolutionProperties) = preSolution
		HideSolutionNode = FALSE
	EndGlobalSection
	GlobalSection(ExtensibilityGlobals) = postSolution
		SolutionGuid = {8D3A4194-7635-405E-8467-AD9688201075}
	EndGlobalSection
EndGlobal
