
Microsoft Visual Studio Solution File, Format Version 12.00
# Visual Studio 15
VisualStudioVersion = 15.0.27130.2036
MinimumVisualStudioVersion = 10.0.40219.1
Project("{FAE04EC0-301F-11D3-BF4B-00C04F79EFBC}") = "Exo_2_WF", "Exo_2_WF\Exo_2_WF.csproj", "{A6609C1B-EBAE-4723-A674-3A0CC80B3071}"
EndProject
Global
	GlobalSection(SolutionConfigurationPlatforms) = preSolution
		Debug|Any CPU = Debug|Any CPU
		Release|Any CPU = Release|Any CPU
	EndGlobalSection
	GlobalSection(ProjectConfigurationPlatforms) = postSolution
		{A6609C1B-EBAE-4723-A674-3A0CC80B3071}.Debug|Any CPU.ActiveCfg = Debug|Any CPU
		{A6609C1B-EBAE-4723-A674-3A0CC80B3071}.Debug|Any CPU.Build.0 = Debug|Any CPU
		{A6609C1B-EBAE-4723-A674-3A0CC80B3071}.Release|Any CPU.ActiveCfg = Release|Any CPU
		{A6609C1B-EBAE-4723-A674-3A0CC80B3071}.Release|Any CPU.Build.0 = Release|Any CPU
	EndGlobalSection
	GlobalSection(SolutionProperties) = preSolution
		HideSolutionNode = FALSE
	EndGlobalSection
	GlobalSection(ExtensibilityGlobals) = postSolution
		SolutionGuid = {930BCC73-0F89-4C7E-B814-157C05EA60E4}
	EndGlobalSection
EndGlobal
